
Microsoft Visual Studio Solution File, Format Version 12.00
# Visual Studio 15
VisualStudioVersion = 15.0.28010.2019
MinimumVisualStudioVersion = 10.0.40219.1
Project("{8BC9CEB8-8B4A-11D0-8D11-00A0C91BC942}") = "TP3", "TP3\TP3.vcxproj", "{8459FE53-4747-46DC-AB39-4159E5E21CA1}"
EndProject
Global
	GlobalSection(SolutionConfigurationPlatforms) = preSolution
		Debug|x64 = Debug|x64
		Debug|x86 = Debug|x86
		Release|x64 = Release|x64
		Release|x86 = Release|x86
	EndGlobalSection
	GlobalSection(ProjectConfigurationPlatforms) = postSolution
		{8459FE53-4747-46DC-AB39-4159E5E21CA1}.Debug|x64.ActiveCfg = Debug|x64
		{8459FE53-4747-46DC-AB39-4159E5E21CA1}.Debug|x64.Build.0 = Debug|x64
		{8459FE53-4747-46DC-AB39-4159E5E21CA1}.Debug|x86.ActiveCfg = Debug|Win32
		{8459FE53-4747-46DC-AB39-4159E5E21CA1}.Debug|x86.Build.0 = Debug|Win32
		{8459FE53-4747-46DC-AB39-4159E5E21CA1}.Release|x64.ActiveCfg = Release|x64
		{8459FE53-4747-46DC-AB39-4159E5E21CA1}.Release|x64.Build.0 = Release|x64
		{8459FE53-4747-46DC-AB39-4159E5E21CA1}.Release|x86.ActiveCfg = Release|Win32
		{8459FE53-4747-46DC-AB39-4159E5E21CA1}.Release|x86.Build.0 = Release|Win32
	EndGlobalSection
	GlobalSection(SolutionProperties) = preSolution
		HideSolutionNode = FALSE
	EndGlobalSection
	GlobalSection(ExtensibilityGlobals) = postSolution
		SolutionGuid = {7E586E97-F256-4BF5-B767-21F98B330944}
	EndGlobalSection
EndGlobal
